// !$*UTF8*$!
{
	archiveVersion = 1;
	classes = {
	};
	objectVersion = 56;
	objects = {

/* Begin PBXBuildFile section */
		63F15E1D2AFC3D6200BB5293 /* IOSCharacterLabApp.swift in Sources */ = {isa = PBXBuildFile; fileRef = 63F15E1C2AFC3D6200BB5293 /* IOSCharacterLabApp.swift */; };
		63F15E1F2AFC3D6200BB5293 /* ContentView.swift in Sources */ = {isa = PBXBuildFile; fileRef = 63F15E1E2AFC3D6200BB5293 /* ContentView.swift */; };
		63F15E212AFC3D6400BB5293 /* Assets.xcassets in Resources */ = {isa = PBXBuildFile; fileRef = 63F15E202AFC3D6400BB5293 /* Assets.xcassets */; };
		63F15E242AFC3D6400BB5293 /* Preview Assets.xcassets in Resources */ = {isa = PBXBuildFile; fileRef = 63F15E232AFC3D6400BB5293 /* Preview Assets.xcassets */; };
		63F15E2C2AFC3E3F00BB5293 /* CharacterView.swift in Sources */ = {isa = PBXBuildFile; fileRef = 63F15E2B2AFC3E3F00BB5293 /* CharacterView.swift */; };
		63F15E2E2AFC3E5900BB5293 /* CharacterDetailedView.swift in Sources */ = {isa = PBXBuildFile; fileRef = 63F15E2D2AFC3E5900BB5293 /* CharacterDetailedView.swift */; };
		63F15E312AFC3E8700BB5293 /* StarWars.swift in Sources */ = {isa = PBXBuildFile; fileRef = 63F15E302AFC3E8700BB5293 /* StarWars.swift */; };
		63F15E342AFC3EB500BB5293 /* StarWarsModel.swift in Sources */ = {isa = PBXBuildFile; fileRef = 63F15E332AFC3EB400BB5293 /* StarWarsModel.swift */; };
		63F15E362AFC408600BB5293 /* CharacterPage.swift in Sources */ = {isa = PBXBuildFile; fileRef = 63F15E352AFC408600BB5293 /* CharacterPage.swift */; };
		63F15E382AFC40B100BB5293 /* CharacterDetailsPage.swift in Sources */ = {isa = PBXBuildFile; fileRef = 63F15E372AFC40B100BB5293 /* CharacterDetailsPage.swift */; };
		63F15E3B2AFC40DD00BB5293 /* ViewModifier.swift in Sources */ = {isa = PBXBuildFile; fileRef = 63F15E3A2AFC40DD00BB5293 /* ViewModifier.swift */; };
		63F15E3E2AFC411500BB5293 /* CustomStyles.swift in Sources */ = {isa = PBXBuildFile; fileRef = 63F15E3D2AFC411500BB5293 /* CustomStyles.swift */; };
		63F15E412AFC451D00BB5293 /* StarWarsAccessService.swift in Sources */ = {isa = PBXBuildFile; fileRef = 63F15E402AFC451D00BB5293 /* StarWarsAccessService.swift */; };
		63F15E442AFC458100BB5293 /* Helpers.swift in Sources */ = {isa = PBXBuildFile; fileRef = 63F15E432AFC458100BB5293 /* Helpers.swift */; };
/* End PBXBuildFile section */

/* Begin PBXFileReference section */
		63F15E192AFC3D6200BB5293 /* IOSCharacterLab.app */ = {isa = PBXFileReference; explicitFileType = wrapper.application; includeInIndex = 0; path = IOSCharacterLab.app; sourceTree = BUILT_PRODUCTS_DIR; };
		63F15E1C2AFC3D6200BB5293 /* IOSCharacterLabApp.swift */ = {isa = PBXFileReference; lastKnownFileType = sourcecode.swift; path = IOSCharacterLabApp.swift; sourceTree = "<group>"; };
		63F15E1E2AFC3D6200BB5293 /* ContentView.swift */ = {isa = PBXFileReference; lastKnownFileType = sourcecode.swift; path = ContentView.swift; sourceTree = "<group>"; };
		63F15E202AFC3D6400BB5293 /* Assets.xcassets */ = {isa = PBXFileReference; lastKnownFileType = folder.assetcatalog; path = Assets.xcassets; sourceTree = "<group>"; };
		63F15E232AFC3D6400BB5293 /* Preview Assets.xcassets */ = {isa = PBXFileReference; lastKnownFileType = folder.assetcatalog; path = "Preview Assets.xcassets"; sourceTree = "<group>"; };
		63F15E2B2AFC3E3F00BB5293 /* CharacterView.swift */ = {isa = PBXFileReference; lastKnownFileType = sourcecode.swift; path = CharacterView.swift; sourceTree = "<group>"; };
		63F15E2D2AFC3E5900BB5293 /* CharacterDetailedView.swift */ = {isa = PBXFileReference; lastKnownFileType = sourcecode.swift; path = CharacterDetailedView.swift; sourceTree = "<group>"; };
		63F15E302AFC3E8700BB5293 /* StarWars.swift */ = {isa = PBXFileReference; lastKnownFileType = sourcecode.swift; path = StarWars.swift; sourceTree = "<group>"; };
		63F15E332AFC3EB400BB5293 /* StarWarsModel.swift */ = {isa = PBXFileReference; lastKnownFileType = sourcecode.swift; path = StarWarsModel.swift; sourceTree = "<group>"; };
		63F15E352AFC408600BB5293 /* CharacterPage.swift */ = {isa = PBXFileReference; lastKnownFileType = sourcecode.swift; path = CharacterPage.swift; sourceTree = "<group>"; };
		63F15E372AFC40B100BB5293 /* CharacterDetailsPage.swift */ = {isa = PBXFileReference; lastKnownFileType = sourcecode.swift; path = CharacterDetailsPage.swift; sourceTree = "<group>"; };
		63F15E3A2AFC40DD00BB5293 /* ViewModifier.swift */ = {isa = PBXFileReference; lastKnownFileType = sourcecode.swift; path = ViewModifier.swift; sourceTree = "<group>"; };
		63F15E3D2AFC411500BB5293 /* CustomStyles.swift */ = {isa = PBXFileReference; lastKnownFileType = sourcecode.swift; path = CustomStyles.swift; sourceTree = "<group>"; };
		63F15E402AFC451D00BB5293 /* StarWarsAccessService.swift */ = {isa = PBXFileReference; lastKnownFileType = sourcecode.swift; path = StarWarsAccessService.swift; sourceTree = "<group>"; };
		63F15E432AFC458100BB5293 /* Helpers.swift */ = {isa = PBXFileReference; lastKnownFileType = sourcecode.swift; path = Helpers.swift; sourceTree = "<group>"; };
/* End PBXFileReference section */

/* Begin PBXFrameworksBuildPhase section */
		63F15E162AFC3D6200BB5293 /* Frameworks */ = {
			isa = PBXFrameworksBuildPhase;
			buildActionMask = 2147483647;
			files = (
			);
			runOnlyForDeploymentPostprocessing = 0;
		};
/* End PBXFrameworksBuildPhase section */

/* Begin PBXGroup section */
		63F15E102AFC3D6200BB5293 = {
			isa = PBXGroup;
			children = (
				63F15E1B2AFC3D6200BB5293 /* IOSCharacterLab */,
				63F15E1A2AFC3D6200BB5293 /* Products */,
			);
			sourceTree = "<group>";
		};
		63F15E1A2AFC3D6200BB5293 /* Products */ = {
			isa = PBXGroup;
			children = (
				63F15E192AFC3D6200BB5293 /* IOSCharacterLab.app */,
			);
			name = Products;
			sourceTree = "<group>";
		};
		63F15E1B2AFC3D6200BB5293 /* IOSCharacterLab */ = {
			isa = PBXGroup;
			children = (
				63F15E3F2AFC450700BB5293 /* Services */,
				63F15E3C2AFC40F600BB5293 /* CustomerStyled */,
				63F15E392AFC40CE00BB5293 /* ViewModifier */,
				63F15E2A2AFC3E0100BB5293 /* Views */,
				63F15E1C2AFC3D6200BB5293 /* IOSCharacterLabApp.swift */,
				63F15E1E2AFC3D6200BB5293 /* ContentView.swift */,
				63F15E202AFC3D6400BB5293 /* Assets.xcassets */,
				63F15E222AFC3D6400BB5293 /* Preview Content */,
			);
			path = IOSCharacterLab;
			sourceTree = "<group>";
		};
		63F15E222AFC3D6400BB5293 /* Preview Content */ = {
			isa = PBXGroup;
			children = (
				63F15E232AFC3D6400BB5293 /* Preview Assets.xcassets */,
			);
			path = "Preview Content";
			sourceTree = "<group>";
		};
		63F15E2A2AFC3E0100BB5293 /* Views */ = {
			isa = PBXGroup;
			children = (
				63F15E2D2AFC3E5900BB5293 /* CharacterDetailedView.swift */,
				63F15E2B2AFC3E3F00BB5293 /* CharacterView.swift */,
				63F15E2F2AFC3E6F00BB5293 /* ViewModels */,
			);
			path = Views;
			sourceTree = "<group>";
		};
		63F15E2F2AFC3E6F00BB5293 /* ViewModels */ = {
			isa = PBXGroup;
			children = (
				63F15E302AFC3E8700BB5293 /* StarWars.swift */,
				63F15E322AFC3E9B00BB5293 /* Models */,
			);
			path = ViewModels;
			sourceTree = "<group>";
		};
		63F15E322AFC3E9B00BB5293 /* Models */ = {
			isa = PBXGroup;
			children = (
				63F15E332AFC3EB400BB5293 /* StarWarsModel.swift */,
				63F15E352AFC408600BB5293 /* CharacterPage.swift */,
				63F15E372AFC40B100BB5293 /* CharacterDetailsPage.swift */,
			);
			path = Models;
			sourceTree = "<group>";
		};
		63F15E392AFC40CE00BB5293 /* ViewModifier */ = {
			isa = PBXGroup;
			children = (
				63F15E3A2AFC40DD00BB5293 /* ViewModifier.swift */,
			);
			path = ViewModifier;
			sourceTree = "<group>";
		};
		63F15E3C2AFC40F600BB5293 /* CustomerStyled */ = {
			isa = PBXGroup;
			children = (
				63F15E3D2AFC411500BB5293 /* CustomStyles.swift */,
			);
			path = CustomerStyled;
			sourceTree = "<group>";
		};
		63F15E3F2AFC450700BB5293 /* Services */ = {
			isa = PBXGroup;
			children = (
				63F15E402AFC451D00BB5293 /* StarWarsAccessService.swift */,
				63F15E422AFC456A00BB5293 /* Helpers */,
			);
			path = Services;
			sourceTree = "<group>";
		};
		63F15E422AFC456A00BB5293 /* Helpers */ = {
			isa = PBXGroup;
			children = (
				63F15E432AFC458100BB5293 /* Helpers.swift */,
			);
			path = Helpers;
			sourceTree = "<group>";
		};
/* End PBXGroup section */

/* Begin PBXNativeTarget section */
		63F15E182AFC3D6200BB5293 /* IOSCharacterLab */ = {
			isa = PBXNativeTarget;
			buildConfigurationList = 63F15E272AFC3D6400BB5293 /* Build configuration list for PBXNativeTarget "IOSCharacterLab" */;
			buildPhases = (
				63F15E152AFC3D6200BB5293 /* Sources */,
				63F15E162AFC3D6200BB5293 /* Frameworks */,
				63F15E172AFC3D6200BB5293 /* Resources */,
			);
			buildRules = (
			);
			dependencies = (
			);
			name = IOSCharacterLab;
			productName = IOSCharacterLab;
			productReference = 63F15E192AFC3D6200BB5293 /* IOSCharacterLab.app */;
			productType = "com.apple.product-type.application";
		};
/* End PBXNativeTarget section */

/* Begin PBXProject section */
		63F15E112AFC3D6200BB5293 /* Project object */ = {
			isa = PBXProject;
			attributes = {
				BuildIndependentTargetsInParallel = 1;
				LastSwiftUpdateCheck = 1430;
				LastUpgradeCheck = 1430;
				TargetAttributes = {
					63F15E182AFC3D6200BB5293 = {
						CreatedOnToolsVersion = 14.3.1;
					};
				};
			};
			buildConfigurationList = 63F15E142AFC3D6200BB5293 /* Build configuration list for PBXProject "IOSCharacterLab" */;
			compatibilityVersion = "Xcode 14.0";
			developmentRegion = en;
			hasScannedForEncodings = 0;
			knownRegions = (
				en,
				Base,
			);
			mainGroup = 63F15E102AFC3D6200BB5293;
			productRefGroup = 63F15E1A2AFC3D6200BB5293 /* Products */;
			projectDirPath = "";
			projectRoot = "";
			targets = (
				63F15E182AFC3D6200BB5293 /* IOSCharacterLab */,
			);
		};
/* End PBXProject section */

/* Begin PBXResourcesBuildPhase section */
		63F15E172AFC3D6200BB5293 /* Resources */ = {
			isa = PBXResourcesBuildPhase;
			buildActionMask = 2147483647;
			files = (
				63F15E242AFC3D6400BB5293 /* Preview Assets.xcassets in Resources */,
				63F15E212AFC3D6400BB5293 /* Assets.xcassets in Resources */,
			);
			runOnlyForDeploymentPostprocessing = 0;
		};
/* End PBXResourcesBuildPhase section */

/* Begin PBXSourcesBuildPhase section */
		63F15E152AFC3D6200BB5293 /* Sources */ = {
			isa = PBXSourcesBuildPhase;
			buildActionMask = 2147483647;
			files = (
				63F15E412AFC451D00BB5293 /* StarWarsAccessService.swift in Sources */,
				63F15E2C2AFC3E3F00BB5293 /* CharacterView.swift in Sources */,
				63F15E3B2AFC40DD00BB5293 /* ViewModifier.swift in Sources */,
				63F15E3E2AFC411500BB5293 /* CustomStyles.swift in Sources */,
				63F15E1F2AFC3D6200BB5293 /* ContentView.swift in Sources */,
				63F15E362AFC408600BB5293 /* CharacterPage.swift in Sources */,
				63F15E2E2AFC3E5900BB5293 /* CharacterDetailedView.swift in Sources */,
				63F15E442AFC458100BB5293 /* Helpers.swift in Sources */,
				63F15E1D2AFC3D6200BB5293 /* IOSCharacterLabApp.swift in Sources */,
				63F15E382AFC40B100BB5293 /* CharacterDetailsPage.swift in Sources */,
				63F15E342AFC3EB500BB5293 /* StarWarsModel.swift in Sources */,
				63F15E312AFC3E8700BB5293 /* StarWars.swift in Sources */,
			);
			runOnlyForDeploymentPostprocessing = 0;
		};
/* End PBXSourcesBuildPhase section */

/* Begin XCBuildConfiguration section */
		63F15E252AFC3D6400BB5293 /* Debug */ = {
			isa = XCBuildConfiguration;
			buildSettings = {
				ALWAYS_SEARCH_USER_PATHS = NO;
				CLANG_ANALYZER_NONNULL = YES;
				CLANG_ANALYZER_NUMBER_OBJECT_CONVERSION = YES_AGGRESSIVE;
				CLANG_CXX_LANGUAGE_STANDARD = "gnu++20";
				CLANG_ENABLE_MODULES = YES;
				CLANG_ENABLE_OBJC_ARC = YES;
				CLANG_ENABLE_OBJC_WEAK = YES;
				CLANG_WARN_BLOCK_CAPTURE_AUTORELEASING = YES;
				CLANG_WARN_BOOL_CONVERSION = YES;
				CLANG_WARN_COMMA = YES;
				CLANG_WARN_CONSTANT_CONVERSION = YES;
				CLANG_WARN_DEPRECATED_OBJC_IMPLEMENTATIONS = YES;
				CLANG_WARN_DIRECT_OBJC_ISA_USAGE = YES_ERROR;
				CLANG_WARN_DOCUMENTATION_COMMENTS = YES;
				CLANG_WARN_EMPTY_BODY = YES;
				CLANG_WARN_ENUM_CONVERSION = YES;
				CLANG_WARN_INFINITE_RECURSION = YES;
				CLANG_WARN_INT_CONVERSION = YES;
				CLANG_WARN_NON_LITERAL_NULL_CONVERSION = YES;
				CLANG_WARN_OBJC_IMPLICIT_RETAIN_SELF = YES;
				CLANG_WARN_OBJC_LITERAL_CONVERSION = YES;
				CLANG_WARN_OBJC_ROOT_CLASS = YES_ERROR;
				CLANG_WARN_QUOTED_INCLUDE_IN_FRAMEWORK_HEADER = YES;
				CLANG_WARN_RANGE_LOOP_ANALYSIS = YES;
				CLANG_WARN_STRICT_PROTOTYPES = YES;
				CLANG_WARN_SUSPICIOUS_MOVE = YES;
				CLANG_WARN_UNGUARDED_AVAILABILITY = YES_AGGRESSIVE;
				CLANG_WARN_UNREACHABLE_CODE = YES;
				CLANG_WARN__DUPLICATE_METHOD_MATCH = YES;
				COPY_PHASE_STRIP = NO;
				DEBUG_INFORMATION_FORMAT = dwarf;
				ENABLE_STRICT_OBJC_MSGSEND = YES;
				ENABLE_TESTABILITY = YES;
				GCC_C_LANGUAGE_STANDARD = gnu11;
				GCC_DYNAMIC_NO_PIC = NO;
				GCC_NO_COMMON_BLOCKS = YES;
				GCC_OPTIMIZATION_LEVEL = 0;
				GCC_PREPROCESSOR_DEFINITIONS = (
					"DEBUG=1",
					"$(inherited)",
				);
				GCC_WARN_64_TO_32_BIT_CONVERSION = YES;
				GCC_WARN_ABOUT_RETURN_TYPE = YES_ERROR;
				GCC_WARN_UNDECLARED_SELECTOR = YES;
				GCC_WARN_UNINITIALIZED_AUTOS = YES_AGGRESSIVE;
				GCC_WARN_UNUSED_FUNCTION = YES;
				GCC_WARN_UNUSED_VARIABLE = YES;
				IPHONEOS_DEPLOYMENT_TARGET = 16.4;
				MTL_ENABLE_DEBUG_INFO = INCLUDE_SOURCE;
				MTL_FAST_MATH = YES;
				ONLY_ACTIVE_ARCH = YES;
				SDKROOT = iphoneos;
				SWIFT_ACTIVE_COMPILATION_CONDITIONS = DEBUG;
				SWIFT_OPTIMIZATION_LEVEL = "-Onone";
			};
			name = Debug;
		};
		63F15E262AFC3D6400BB5293 /* Release */ = {
			isa = XCBuildConfiguration;
			buildSettings = {
				ALWAYS_SEARCH_USER_PATHS = NO;
				CLANG_ANALYZER_NONNULL = YES;
				CLANG_ANALYZER_NUMBER_OBJECT_CONVERSION = YES_AGGRESSIVE;
				CLANG_CXX_LANGUAGE_STANDARD = "gnu++20";
				CLANG_ENABLE_MODULES = YES;
				CLANG_ENABLE_OBJC_ARC = YES;
				CLANG_ENABLE_OBJC_WEAK = YES;
				CLANG_WARN_BLOCK_CAPTURE_AUTORELEASING = YES;
				CLANG_WARN_BOOL_CONVERSION = YES;
				CLANG_WARN_COMMA = YES;
				CLANG_WARN_CONSTANT_CONVERSION = YES;
				CLANG_WARN_DEPRECATED_OBJC_IMPLEMENTATIONS = YES;
				CLANG_WARN_DIRECT_OBJC_ISA_USAGE = YES_ERROR;
				CLANG_WARN_DOCUMENTATION_COMMENTS = YES;
				CLANG_WARN_EMPTY_BODY = YES;
				CLANG_WARN_ENUM_CONVERSION = YES;
				CLANG_WARN_INFINITE_RECURSION = YES;
				CLANG_WARN_INT_CONVERSION = YES;
				CLANG_WARN_NON_LITERAL_NULL_CONVERSION = YES;
				CLANG_WARN_OBJC_IMPLICIT_RETAIN_SELF = YES;
				CLANG_WARN_OBJC_LITERAL_CONVERSION = YES;
				CLANG_WARN_OBJC_ROOT_CLASS = YES_ERROR;
				CLANG_WARN_QUOTED_INCLUDE_IN_FRAMEWORK_HEADER = YES;
				CLANG_WARN_RANGE_LOOP_ANALYSIS = YES;
				CLANG_WARN_STRICT_PROTOTYPES = YES;
				CLANG_WARN_SUSPICIOUS_MOVE = YES;
				CLANG_WARN_UNGUARDED_AVAILABILITY = YES_AGGRESSIVE;
				CLANG_WARN_UNREACHABLE_CODE = YES;
				CLANG_WARN__DUPLICATE_METHOD_MATCH = YES;
				COPY_PHASE_STRIP = NO;
				DEBUG_INFORMATION_FORMAT = "dwarf-with-dsym";
				ENABLE_NS_ASSERTIONS = NO;
				ENABLE_STRICT_OBJC_MSGSEND = YES;
				GCC_C_LANGUAGE_STANDARD = gnu11;
				GCC_NO_COMMON_BLOCKS = YES;
				GCC_WARN_64_TO_32_BIT_CONVERSION = YES;
				GCC_WARN_ABOUT_RETURN_TYPE = YES_ERROR;
				GCC_WARN_UNDECLARED_SELECTOR = YES;
				GCC_WARN_UNINITIALIZED_AUTOS = YES_AGGRESSIVE;
				GCC_WARN_UNUSED_FUNCTION = YES;
				GCC_WARN_UNUSED_VARIABLE = YES;
				IPHONEOS_DEPLOYMENT_TARGET = 16.4;
				MTL_ENABLE_DEBUG_INFO = NO;
				MTL_FAST_MATH = YES;
				SDKROOT = iphoneos;
				SWIFT_COMPILATION_MODE = wholemodule;
				SWIFT_OPTIMIZATION_LEVEL = "-O";
				VALIDATE_PRODUCT = YES;
			};
			name = Release;
		};
		63F15E282AFC3D6400BB5293 /* Debug */ = {
			isa = XCBuildConfiguration;
			buildSettings = {
				ASSETCATALOG_COMPILER_APPICON_NAME = AppIcon;
				ASSETCATALOG_COMPILER_GLOBAL_ACCENT_COLOR_NAME = AccentColor;
				CODE_SIGN_STYLE = Automatic;
				CURRENT_PROJECT_VERSION = 1;
				DEVELOPMENT_ASSET_PATHS = "\"IOSCharacterLab/Preview Content\"";
				ENABLE_PREVIEWS = YES;
				GENERATE_INFOPLIST_FILE = YES;
				INFOPLIST_KEY_UIApplicationSceneManifest_Generation = YES;
				INFOPLIST_KEY_UIApplicationSupportsIndirectInputEvents = YES;
				INFOPLIST_KEY_UILaunchScreen_Generation = YES;
				INFOPLIST_KEY_UISupportedInterfaceOrientations_iPad = "UIInterfaceOrientationPortrait UIInterfaceOrientationPortraitUpsideDown UIInterfaceOrientationLandscapeLeft UIInterfaceOrientationLandscapeRight";
				INFOPLIST_KEY_UISupportedInterfaceOrientations_iPhone = "UIInterfaceOrientationPortrait UIInterfaceOrientationLandscapeLeft UIInterfaceOrientationLandscapeRight";
				LD_RUNPATH_SEARCH_PATHS = (
					"$(inherited)",
					"@executable_path/Frameworks",
				);
				MARKETING_VERSION = 1.0;
				PRODUCT_BUNDLE_IDENTIFIER = com.duncbh.IOSCharacterLab;
				PRODUCT_NAME = "$(TARGET_NAME)";
				SWIFT_EMIT_LOC_STRINGS = YES;
				SWIFT_VERSION = 5.0;
				TARGETED_DEVICE_FAMILY = "1,2";
			};
			name = Debug;
		};
		63F15E292AFC3D6400BB5293 /* Release */ = {
			isa = XCBuildConfiguration;
			buildSettings = {
				ASSETCATALOG_COMPILER_APPICON_NAME = AppIcon;
				ASSETCATALOG_COMPILER_GLOBAL_ACCENT_COLOR_NAME = AccentColor;
				CODE_SIGN_STYLE = Automatic;
				CURRENT_PROJECT_VERSION = 1;
				DEVELOPMENT_ASSET_PATHS = "\"IOSCharacterLab/Preview Content\"";
				ENABLE_PREVIEWS = YES;
				GENERATE_INFOPLIST_FILE = YES;
				INFOPLIST_KEY_UIApplicationSceneManifest_Generation = YES;
				INFOPLIST_KEY_UIApplicationSupportsIndirectInputEvents = YES;
				INFOPLIST_KEY_UILaunchScreen_Generation = YES;
				INFOPLIST_KEY_UISupportedInterfaceOrientations_iPad = "UIInterfaceOrientationPortrait UIInterfaceOrientationPortraitUpsideDown UIInterfaceOrientationLandscapeLeft UIInterfaceOrientationLandscapeRight";
				INFOPLIST_KEY_UISupportedInterfaceOrientations_iPhone = "UIInterfaceOrientationPortrait UIInterfaceOrientationLandscapeLeft UIInterfaceOrientationLandscapeRight";
				LD_RUNPATH_SEARCH_PATHS = (
					"$(inherited)",
					"@executable_path/Frameworks",
				);
				MARKETING_VERSION = 1.0;
				PRODUCT_BUNDLE_IDENTIFIER = com.duncbh.IOSCharacterLab;
				PRODUCT_NAME = "$(TARGET_NAME)";
				SWIFT_EMIT_LOC_STRINGS = YES;
				SWIFT_VERSION = 5.0;
				TARGETED_DEVICE_FAMILY = "1,2";
			};
			name = Release;
		};
/* End XCBuildConfiguration section */

/* Begin XCConfigurationList section */
		63F15E142AFC3D6200BB5293 /* Build configuration list for PBXProject "IOSCharacterLab" */ = {
			isa = XCConfigurationList;
			buildConfigurations = (
				63F15E252AFC3D6400BB5293 /* Debug */,
				63F15E262AFC3D6400BB5293 /* Release */,
			);
			defaultConfigurationIsVisible = 0;
			defaultConfigurationName = Release;
		};
		63F15E272AFC3D6400BB5293 /* Build configuration list for PBXNativeTarget "IOSCharacterLab" */ = {
			isa = XCConfigurationList;
			buildConfigurations = (
				63F15E282AFC3D6400BB5293 /* Debug */,
				63F15E292AFC3D6400BB5293 /* Release */,
			);
			defaultConfigurationIsVisible = 0;
			defaultConfigurationName = Release;
		};
/* End XCConfigurationList section */
	};
	rootObject = 63F15E112AFC3D6200BB5293 /* Project object */;
}
